
Microsoft Visual Studio Solution File, Format Version 12.00
# Visual Studio 15
VisualStudioVersion = 15.0.26228.9
MinimumVisualStudioVersion = 10.0.40219.1
Project("{8BC9CEB8-8B4A-11D0-8D11-00A0C91BC942}") = "C_Afterschool", "C_Afterschool\C_Afterschool.vcxproj", "{EE2AF7D7-78A2-4DE8-BD81-B814E4D9B281}"
EndProject
Global
	GlobalSection(SolutionConfigurationPlatforms) = preSolution
		Debug|x64 = Debug|x64
		Debug|x86 = Debug|x86
		Release|x64 = Release|x64
		Release|x86 = Release|x86
	EndGlobalSection
	GlobalSection(ProjectConfigurationPlatforms) = postSolution
		{EE2AF7D7-78A2-4DE8-BD81-B814E4D9B281}.Debug|x64.ActiveCfg = Debug|x64
		{EE2AF7D7-78A2-4DE8-BD81-B814E4D9B281}.Debug|x64.Build.0 = Debug|x64
		{EE2AF7D7-78A2-4DE8-BD81-B814E4D9B281}.Debug|x86.ActiveCfg = Debug|Win32
		{EE2AF7D7-78A2-4DE8-BD81-B814E4D9B281}.Debug|x86.Build.0 = Debug|Win32
		{EE2AF7D7-78A2-4DE8-BD81-B814E4D9B281}.Release|x64.ActiveCfg = Release|x64
		{EE2AF7D7-78A2-4DE8-BD81-B814E4D9B281}.Release|x64.Build.0 = Release|x64
		{EE2AF7D7-78A2-4DE8-BD81-B814E4D9B281}.Release|x86.ActiveCfg = Release|Win32
		{EE2AF7D7-78A2-4DE8-BD81-B814E4D9B281}.Release|x86.Build.0 = Release|Win32
	EndGlobalSection
	GlobalSection(SolutionProperties) = preSolution
		HideSolutionNode = FALSE
	EndGlobalSection
EndGlobal
